
Microsoft Visual Studio Solution File, Format Version 12.00
# Visual Studio Version 16
VisualStudioVersion = 16.0.29709.97
MinimumVisualStudioVersion = 10.0.40219.1
Project("{FAE04EC0-301F-11D3-BF4B-00C04F79EFBC}") = "Parcial2-Ap2-Wilbert", "Parcial2-Ap2-Wilbert\Parcial2-Ap2-Wilbert.csproj", "{DC543597-F5EC-4625-A785-2CC88A575C16}"
EndProject
Global
	GlobalSection(SolutionConfigurationPlatforms) = preSolution
		Debug|Any CPU = Debug|Any CPU
		Release|Any CPU = Release|Any CPU
	EndGlobalSection
	GlobalSection(ProjectConfigurationPlatforms) = postSolution
		{DC543597-F5EC-4625-A785-2CC88A575C16}.Debug|Any CPU.ActiveCfg = Debug|Any CPU
		{DC543597-F5EC-4625-A785-2CC88A575C16}.Debug|Any CPU.Build.0 = Debug|Any CPU
		{DC543597-F5EC-4625-A785-2CC88A575C16}.Release|Any CPU.ActiveCfg = Release|Any CPU
		{DC543597-F5EC-4625-A785-2CC88A575C16}.Release|Any CPU.Build.0 = Release|Any CPU
	EndGlobalSection
	GlobalSection(SolutionProperties) = preSolution
		HideSolutionNode = FALSE
	EndGlobalSection
	GlobalSection(ExtensibilityGlobals) = postSolution
		SolutionGuid = {B7C5D023-3B4A-4AB1-ABB3-5789547BA270}
	EndGlobalSection
EndGlobal
